
Microsoft Visual Studio Solution File, Format Version 12.00
# Visual Studio 14
VisualStudioVersion = 14.0.25420.1
MinimumVisualStudioVersion = 10.0.40219.1
Project("{2150E333-8FDC-42A3-9474-1A3956D46DE8}") = "Engine", "Engine", "{03B27303-A4FD-47DA-9D72-E55A474A8858}"
EndProject
Project("{2150E333-8FDC-42A3-9474-1A3956D46DE8}") = "Games", "Games", "{B67E645B-AA8F-4522-8466-1E6E285C50E8}"
EndProject
Project("{8BC9CEB8-8B4A-11D0-8D11-00A0C91BC942}") = "UE4", "Intermediate\ProjectFiles\UE4.vcxproj", "{ACE054A5-1914-43B5-8BDB-37DE916B433D}"
EndProject
Project("{8BC9CEB8-8B4A-11D0-8D11-00A0C91BC942}") = "section03_01", "Intermediate\ProjectFiles\section03_01.vcxproj", "{2A7CDD6D-9A32-4502-A4D0-368D031DCBA8}"
EndProject
Global
	GlobalSection(SolutionConfigurationPlatforms) = preSolution
		DebugGame Editor|HTML5 = DebugGame Editor|HTML5
		DebugGame Editor|Win32 = DebugGame Editor|Win32
		DebugGame Editor|Win64 = DebugGame Editor|Win64
		DebugGame|HTML5 = DebugGame|HTML5
		DebugGame|Win32 = DebugGame|Win32
		DebugGame|Win64 = DebugGame|Win64
		Development Editor|HTML5 = Development Editor|HTML5
		Development Editor|Win32 = Development Editor|Win32
		Development Editor|Win64 = Development Editor|Win64
		Development|HTML5 = Development|HTML5
		Development|Win32 = Development|Win32
		Development|Win64 = Development|Win64
		Shipping|HTML5 = Shipping|HTML5
		Shipping|Win32 = Shipping|Win32
		Shipping|Win64 = Shipping|Win64
	EndGlobalSection
	GlobalSection(ProjectConfigurationPlatforms) = postSolution
		{ACE054A5-1914-43B5-8BDB-37DE916B433D}.DebugGame Editor|HTML5.ActiveCfg = BuiltWithUnrealBuildTool|Win32
		{ACE054A5-1914-43B5-8BDB-37DE916B433D}.DebugGame Editor|HTML5.Build.0 = BuiltWithUnrealBuildTool|Win32
		{ACE054A5-1914-43B5-8BDB-37DE916B433D}.DebugGame Editor|Win32.ActiveCfg = BuiltWithUnrealBuildTool|Win32
		{ACE054A5-1914-43B5-8BDB-37DE916B433D}.DebugGame Editor|Win32.Build.0 = BuiltWithUnrealBuildTool|Win32
		{ACE054A5-1914-43B5-8BDB-37DE916B433D}.DebugGame Editor|Win64.ActiveCfg = BuiltWithUnrealBuildTool|Win32
		{ACE054A5-1914-43B5-8BDB-37DE916B433D}.DebugGame Editor|Win64.Build.0 = BuiltWithUnrealBuildTool|Win32
		{ACE054A5-1914-43B5-8BDB-37DE916B433D}.DebugGame|HTML5.ActiveCfg = BuiltWithUnrealBuildTool|Win32
		{ACE054A5-1914-43B5-8BDB-37DE916B433D}.DebugGame|HTML5.Build.0 = BuiltWithUnrealBuildTool|Win32
		{ACE054A5-1914-43B5-8BDB-37DE916B433D}.DebugGame|Win32.ActiveCfg = BuiltWithUnrealBuildTool|Win32
		{ACE054A5-1914-43B5-8BDB-37DE916B433D}.DebugGame|Win32.Build.0 = BuiltWithUnrealBuildTool|Win32
		{ACE054A5-1914-43B5-8BDB-37DE916B433D}.DebugGame|Win64.ActiveCfg = BuiltWithUnrealBuildTool|Win32
		{ACE054A5-1914-43B5-8BDB-37DE916B433D}.DebugGame|Win64.Build.0 = BuiltWithUnrealBuildTool|Win32
		{ACE054A5-1914-43B5-8BDB-37DE916B433D}.Development Editor|HTML5.ActiveCfg = BuiltWithUnrealBuildTool|Win32
		{ACE054A5-1914-43B5-8BDB-37DE916B433D}.Development Editor|HTML5.Build.0 = BuiltWithUnrealBuildTool|Win32
		{ACE054A5-1914-43B5-8BDB-37DE916B433D}.Development Editor|Win32.ActiveCfg = BuiltWithUnrealBuildTool|Win32
		{ACE054A5-1914-43B5-8BDB-37DE916B433D}.Development Editor|Win32.Build.0 = BuiltWithUnrealBuildTool|Win32
		{ACE054A5-1914-43B5-8BDB-37DE916B433D}.Development Editor|Win64.ActiveCfg = BuiltWithUnrealBuildTool|Win32
		{ACE054A5-1914-43B5-8BDB-37DE916B433D}.Development Editor|Win64.Build.0 = BuiltWithUnrealBuildTool|Win32
		{ACE054A5-1914-43B5-8BDB-37DE916B433D}.Development|HTML5.ActiveCfg = BuiltWithUnrealBuildTool|Win32
		{ACE054A5-1914-43B5-8BDB-37DE916B433D}.Development|HTML5.Build.0 = BuiltWithUnrealBuildTool|Win32
		{ACE054A5-1914-43B5-8BDB-37DE916B433D}.Development|Win32.ActiveCfg = BuiltWithUnrealBuildTool|Win32
		{ACE054A5-1914-43B5-8BDB-37DE916B433D}.Development|Win32.Build.0 = BuiltWithUnrealBuildTool|Win32
		{ACE054A5-1914-43B5-8BDB-37DE916B433D}.Development|Win64.ActiveCfg = BuiltWithUnrealBuildTool|Win32
		{ACE054A5-1914-43B5-8BDB-37DE916B433D}.Development|Win64.Build.0 = BuiltWithUnrealBuildTool|Win32
		{ACE054A5-1914-43B5-8BDB-37DE916B433D}.Shipping|HTML5.ActiveCfg = BuiltWithUnrealBuildTool|Win32
		{ACE054A5-1914-43B5-8BDB-37DE916B433D}.Shipping|HTML5.Build.0 = BuiltWithUnrealBuildTool|Win32
		{ACE054A5-1914-43B5-8BDB-37DE916B433D}.Shipping|Win32.ActiveCfg = BuiltWithUnrealBuildTool|Win32
		{ACE054A5-1914-43B5-8BDB-37DE916B433D}.Shipping|Win32.Build.0 = BuiltWithUnrealBuildTool|Win32
		{ACE054A5-1914-43B5-8BDB-37DE916B433D}.Shipping|Win64.ActiveCfg = BuiltWithUnrealBuildTool|Win32
		{ACE054A5-1914-43B5-8BDB-37DE916B433D}.Shipping|Win64.Build.0 = BuiltWithUnrealBuildTool|Win32
		{2A7CDD6D-9A32-4502-A4D0-368D031DCBA8}.DebugGame Editor|HTML5.ActiveCfg = HTML5_DebugGame_Editor|Win32
		{2A7CDD6D-9A32-4502-A4D0-368D031DCBA8}.DebugGame Editor|Win32.ActiveCfg = DebugGame_Editor|Win32
		{2A7CDD6D-9A32-4502-A4D0-368D031DCBA8}.DebugGame Editor|Win64.ActiveCfg = DebugGame_Editor|x64
		{2A7CDD6D-9A32-4502-A4D0-368D031DCBA8}.DebugGame Editor|Win64.Build.0 = DebugGame_Editor|x64
		{2A7CDD6D-9A32-4502-A4D0-368D031DCBA8}.DebugGame|HTML5.ActiveCfg = HTML5_DebugGame_Game|Win32
		{2A7CDD6D-9A32-4502-A4D0-368D031DCBA8}.DebugGame|HTML5.Build.0 = HTML5_DebugGame_Game|Win32
		{2A7CDD6D-9A32-4502-A4D0-368D031DCBA8}.DebugGame|Win32.ActiveCfg = DebugGame_Game|Win32
		{2A7CDD6D-9A32-4502-A4D0-368D031DCBA8}.DebugGame|Win32.Build.0 = DebugGame_Game|Win32
		{2A7CDD6D-9A32-4502-A4D0-368D031DCBA8}.DebugGame|Win64.ActiveCfg = DebugGame_Game|x64
		{2A7CDD6D-9A32-4502-A4D0-368D031DCBA8}.DebugGame|Win64.Build.0 = DebugGame_Game|x64
		{2A7CDD6D-9A32-4502-A4D0-368D031DCBA8}.Development Editor|HTML5.ActiveCfg = HTML5_Development_Editor|Win32
		{2A7CDD6D-9A32-4502-A4D0-368D031DCBA8}.Development Editor|Win32.ActiveCfg = Development_Editor|Win32
		{2A7CDD6D-9A32-4502-A4D0-368D031DCBA8}.Development Editor|Win64.ActiveCfg = Development_Editor|x64
		{2A7CDD6D-9A32-4502-A4D0-368D031DCBA8}.Development Editor|Win64.Build.0 = Development_Editor|x64
		{2A7CDD6D-9A32-4502-A4D0-368D031DCBA8}.Development|HTML5.ActiveCfg = HTML5_Development_Game|Win32
		{2A7CDD6D-9A32-4502-A4D0-368D031DCBA8}.Development|HTML5.Build.0 = HTML5_Development_Game|Win32
		{2A7CDD6D-9A32-4502-A4D0-368D031DCBA8}.Development|Win32.ActiveCfg = Development_Game|Win32
		{2A7CDD6D-9A32-4502-A4D0-368D031DCBA8}.Development|Win32.Build.0 = Development_Game|Win32
		{2A7CDD6D-9A32-4502-A4D0-368D031DCBA8}.Development|Win64.ActiveCfg = Development_Game|x64
		{2A7CDD6D-9A32-4502-A4D0-368D031DCBA8}.Development|Win64.Build.0 = Development_Game|x64
		{2A7CDD6D-9A32-4502-A4D0-368D031DCBA8}.Shipping|HTML5.ActiveCfg = HTML5_Shipping_Game|Win32
		{2A7CDD6D-9A32-4502-A4D0-368D031DCBA8}.Shipping|HTML5.Build.0 = HTML5_Shipping_Game|Win32
		{2A7CDD6D-9A32-4502-A4D0-368D031DCBA8}.Shipping|Win32.ActiveCfg = Shipping_Game|Win32
		{2A7CDD6D-9A32-4502-A4D0-368D031DCBA8}.Shipping|Win32.Build.0 = Shipping_Game|Win32
		{2A7CDD6D-9A32-4502-A4D0-368D031DCBA8}.Shipping|Win64.ActiveCfg = Shipping_Game|x64
		{2A7CDD6D-9A32-4502-A4D0-368D031DCBA8}.Shipping|Win64.Build.0 = Shipping_Game|x64
	EndGlobalSection
	GlobalSection(SolutionProperties) = preSolution
		HideSolutionNode = FALSE
	EndGlobalSection
	GlobalSection(NestedProjects) = preSolution
		{ACE054A5-1914-43B5-8BDB-37DE916B433D} = {03B27303-A4FD-47DA-9D72-E55A474A8858}
		{2A7CDD6D-9A32-4502-A4D0-368D031DCBA8} = {B67E645B-AA8F-4522-8466-1E6E285C50E8}
	EndGlobalSection
EndGlobal
